
Microsoft Visual Studio Solution File, Format Version 12.00
# Visual Studio Version 16
VisualStudioVersion = 16.0.30717.126
MinimumVisualStudioVersion = 10.0.40219.1
Project("{8BC9CEB8-8B4A-11D0-8D11-00A0C91BC942}") = "DataContainers", "DataContainers\DataContainers.vcxproj", "{36CAA23E-54ED-44AF-B9D3-F8E3CC491808}"
EndProject
Project("{8BC9CEB8-8B4A-11D0-8D11-00A0C91BC942}") = "ForwardList", "ForwardList\ForwardList.vcxproj", "{EF76CB03-96D0-4F40-91B2-7898632CCE9B}"
EndProject
Project("{8BC9CEB8-8B4A-11D0-8D11-00A0C91BC942}") = "List", "List\List.vcxproj", "{31DE9E62-0814-43FA-8ACA-55C6E9280CAA}"
EndProject
Project("{8BC9CEB8-8B4A-11D0-8D11-00A0C91BC942}") = "Recursion", "Recursion\Recursion.vcxproj", "{52FF59A8-3FF4-4553-9461-3DC3FD153591}"
EndProject
Global
	GlobalSection(SolutionConfigurationPlatforms) = preSolution
		Debug|x64 = Debug|x64
		Debug|x86 = Debug|x86
		Release|x64 = Release|x64
		Release|x86 = Release|x86
	EndGlobalSection
	GlobalSection(ProjectConfigurationPlatforms) = postSolution
		{36CAA23E-54ED-44AF-B9D3-F8E3CC491808}.Debug|x64.ActiveCfg = Debug|x64
		{36CAA23E-54ED-44AF-B9D3-F8E3CC491808}.Debug|x64.Build.0 = Debug|x64
		{36CAA23E-54ED-44AF-B9D3-F8E3CC491808}.Debug|x86.ActiveCfg = Debug|Win32
		{36CAA23E-54ED-44AF-B9D3-F8E3CC491808}.Debug|x86.Build.0 = Debug|Win32
		{36CAA23E-54ED-44AF-B9D3-F8E3CC491808}.Release|x64.ActiveCfg = Release|x64
		{36CAA23E-54ED-44AF-B9D3-F8E3CC491808}.Release|x64.Build.0 = Release|x64
		{36CAA23E-54ED-44AF-B9D3-F8E3CC491808}.Release|x86.ActiveCfg = Release|Win32
		{36CAA23E-54ED-44AF-B9D3-F8E3CC491808}.Release|x86.Build.0 = Release|Win32
		{EF76CB03-96D0-4F40-91B2-7898632CCE9B}.Debug|x64.ActiveCfg = Debug|x64
		{EF76CB03-96D0-4F40-91B2-7898632CCE9B}.Debug|x64.Build.0 = Debug|x64
		{EF76CB03-96D0-4F40-91B2-7898632CCE9B}.Debug|x86.ActiveCfg = Debug|Win32
		{EF76CB03-96D0-4F40-91B2-7898632CCE9B}.Debug|x86.Build.0 = Debug|Win32
		{EF76CB03-96D0-4F40-91B2-7898632CCE9B}.Release|x64.ActiveCfg = Release|x64
		{EF76CB03-96D0-4F40-91B2-7898632CCE9B}.Release|x64.Build.0 = Release|x64
		{EF76CB03-96D0-4F40-91B2-7898632CCE9B}.Release|x86.ActiveCfg = Release|Win32
		{EF76CB03-96D0-4F40-91B2-7898632CCE9B}.Release|x86.Build.0 = Release|Win32
		{31DE9E62-0814-43FA-8ACA-55C6E9280CAA}.Debug|x64.ActiveCfg = Debug|x64
		{31DE9E62-0814-43FA-8ACA-55C6E9280CAA}.Debug|x64.Build.0 = Debug|x64
		{31DE9E62-0814-43FA-8ACA-55C6E9280CAA}.Debug|x86.ActiveCfg = Debug|Win32
		{31DE9E62-0814-43FA-8ACA-55C6E9280CAA}.Debug|x86.Build.0 = Debug|Win32
		{31DE9E62-0814-43FA-8ACA-55C6E9280CAA}.Release|x64.ActiveCfg = Release|x64
		{31DE9E62-0814-43FA-8ACA-55C6E9280CAA}.Release|x64.Build.0 = Release|x64
		{31DE9E62-0814-43FA-8ACA-55C6E9280CAA}.Release|x86.ActiveCfg = Release|Win32
		{31DE9E62-0814-43FA-8ACA-55C6E9280CAA}.Release|x86.Build.0 = Release|Win32
		{52FF59A8-3FF4-4553-9461-3DC3FD153591}.Debug|x64.ActiveCfg = Debug|x64
		{52FF59A8-3FF4-4553-9461-3DC3FD153591}.Debug|x64.Build.0 = Debug|x64
		{52FF59A8-3FF4-4553-9461-3DC3FD153591}.Debug|x86.ActiveCfg = Debug|Win32
		{52FF59A8-3FF4-4553-9461-3DC3FD153591}.Debug|x86.Build.0 = Debug|Win32
		{52FF59A8-3FF4-4553-9461-3DC3FD153591}.Release|x64.ActiveCfg = Release|x64
		{52FF59A8-3FF4-4553-9461-3DC3FD153591}.Release|x64.Build.0 = Release|x64
		{52FF59A8-3FF4-4553-9461-3DC3FD153591}.Release|x86.ActiveCfg = Release|Win32
		{52FF59A8-3FF4-4553-9461-3DC3FD153591}.Release|x86.Build.0 = Release|Win32
	EndGlobalSection
	GlobalSection(SolutionProperties) = preSolution
		HideSolutionNode = FALSE
	EndGlobalSection
	GlobalSection(ExtensibilityGlobals) = postSolution
		SolutionGuid = {3421D561-97DA-4C0B-B567-65AF93FE108F}
	EndGlobalSection
EndGlobal
